schema: '2.0'
stages:
  initialize_LoadDataFile:
    cmd: zntrack run mlipx.nodes.io.LoadDataFile --name initialize_LoadDataFile
    deps:
    - path: ../data/DODH_adsorption_dft.xyz
      hash: md5
      md5: fd972b8de5a22be3fc281d36f46de3e7
      size: 1096734
      isexec: true
    params:
      params.yaml:
        initialize_LoadDataFile:
          start: 0
          step: 1
          stop:
    outs:
    - path: nodes/initialize/LoadDataFile/node-meta.json
      hash: md5
      md5: 766849267252baed77f49c8b3ea142e1
      size: 64
      isexec: true
  7net_StructureOptimization:
    cmd: zntrack run mlipx.nodes.structure_optimization.StructureOptimization --name
      7net_StructureOptimization
    deps:
    - path: nodes/initialize/LoadDataFile/node-meta.json
      hash: md5
      md5: 766849267252baed77f49c8b3ea142e1
      size: 64
      isexec: true
    params:
      params.yaml:
        7net_StructureOptimization:
          data_id: -1
          fmax: 0.1
          model:
            _cls: mlipx.nodes.generic_ase.GenericASECalculator
            class_name: SevenNetCalculator
            device: auto
            kwargs:
              model: 7net-0
            module: sevenn.sevennet_calculator
          optimizer: LBFGS
          steps: 100000000
    outs:
    - path: nodes/7net/StructureOptimization/frames.traj
      hash: md5
      md5: 69cc31334a8281486ae4d0a5f7430bc8
      size: 40318
      isexec: true
    - path: nodes/7net/StructureOptimization/node-meta.json
      hash: md5
      md5: b8fdcba44f0a290061310e414a72a32d
      size: 64
      isexec: true
    - path: nodes/7net/StructureOptimization/plots.csv
      hash: md5
      md5: 8d40a16c4adba3bc5b5f98d40b65dbe6
      size: 331
      isexec: true
  mace_agne_StructureOptimization:
    cmd: zntrack run mlipx.nodes.structure_optimization.StructureOptimization --name
      mace_agne_StructureOptimization
    deps:
    - path: nodes/initialize/LoadDataFile/node-meta.json
      hash: md5
      md5: 766849267252baed77f49c8b3ea142e1
      size: 64
      isexec: true
    params:
      params.yaml:
        mace_agne_StructureOptimization:
          data_id: -1
          fmax: 0.1
          model:
            _cls: mlipx.nodes.generic_ase.GenericASECalculator
            class_name: MACECalculator
            device: auto
            kwargs:
              model_paths: ../models/mace_agnesi.model
            module: mace.calculators
          optimizer: LBFGS
          steps: 100000000
    outs:
    - path: nodes/mace_agne/StructureOptimization/frames.traj
      hash: md5
      md5: 0951b0c8cbb3d7c71c30cb5544183ec2
      size: 253031
      isexec: true
    - path: nodes/mace_agne/StructureOptimization/node-meta.json
      hash: md5
      md5: a5bf49d1ab09f4d87ccde783b730fd9b
      size: 64
      isexec: true
    - path: nodes/mace_agne/StructureOptimization/plots.csv
      hash: md5
      md5: d299935ce0dd18ab4bf6f9867d4c26c9
      size: 2227
      isexec: true
  mace_large_StructureOptimization:
    cmd: zntrack run mlipx.nodes.structure_optimization.StructureOptimization --name
      mace_large_StructureOptimization
    deps:
    - path: nodes/initialize/LoadDataFile/node-meta.json
      hash: md5
      md5: 766849267252baed77f49c8b3ea142e1
      size: 64
      isexec: true
    params:
      params.yaml:
        mace_large_StructureOptimization:
          data_id: -1
          fmax: 0.1
          model:
            _cls: mlipx.nodes.generic_ase.GenericASECalculator
            class_name: MACECalculator
            device: auto
            kwargs:
              model_paths: ../models/43117273-large.model
            module: mace.calculators
          optimizer: LBFGS
          steps: 100000000
    outs:
    - path: nodes/mace_large/StructureOptimization/frames.traj
      hash: md5
      md5: c1b4e96446799706fb50794afc58bdf9
      size: 99815
      isexec: true
    - path: nodes/mace_large/StructureOptimization/node-meta.json
      hash: md5
      md5: 39007f7d6c9d9274646c643ca7ab3116
      size: 64
      isexec: true
    - path: nodes/mace_large/StructureOptimization/plots.csv
      hash: md5
      md5: 6bb46f77a23ece166cf60836628b9be4
      size: 929
      isexec: true
  mace_medm_StructureOptimization:
    cmd: zntrack run mlipx.nodes.structure_optimization.StructureOptimization --name
      mace_medm_StructureOptimization
    deps:
    - path: nodes/initialize/LoadDataFile/node-meta.json
      hash: md5
      md5: 766849267252baed77f49c8b3ea142e1
      size: 64
      isexec: true
    params:
      params.yaml:
        mace_medm_StructureOptimization:
          data_id: -1
          fmax: 0.1
          model:
            _cls: mlipx.nodes.generic_ase.GenericASECalculator
            class_name: MACECalculator
            device: auto
            kwargs:
              model_paths: ../models/mace_medium.model
            module: mace.calculators
          optimizer: LBFGS
          steps: 100000000
    outs:
    - path: nodes/mace_medm/StructureOptimization/frames.traj
      hash: md5
      md5: 7c6b8d3fdd4e86cdd3b20ff4a68c33f0
      size: 257539
      isexec: true
    - path: nodes/mace_medm/StructureOptimization/node-meta.json
      hash: md5
      md5: 863863b81eec7dd770199962d369d986
      size: 64
      isexec: true
    - path: nodes/mace_medm/StructureOptimization/plots.csv
      hash: md5
      md5: f7ada8d0625433e77b6434e092f8342c
      size: 2264
      isexec: true
  orb_d3_v1_StructureOptimization:
    cmd: zntrack run mlipx.nodes.structure_optimization.StructureOptimization --name
      orb_d3_v1_StructureOptimization
    deps:
    - path: nodes/initialize/LoadDataFile/node-meta.json
      hash: md5
      md5: 766849267252baed77f49c8b3ea142e1
      size: 64
      isexec: true
    params:
      params.yaml:
        orb_d3_v1_StructureOptimization:
          data_id: -1
          fmax: 0.1
          model:
            _cls: models.OrbCalc
            name: orb_d3_v1
          optimizer: LBFGS
          steps: 100000000
    outs:
    - path: nodes/orb_d3_v1/StructureOptimization/frames.traj
      hash: md5
      md5: 91ea48dbbcb9d333e2943ff0710ff43f
      size: 18913
      isexec: true
    - path: nodes/orb_d3_v1/StructureOptimization/node-meta.json
      hash: md5
      md5: 9137519a57202b3901c31d3f4f4f4c8a
      size: 64
      isexec: true
    - path: nodes/orb_d3_v1/StructureOptimization/plots.csv
      hash: md5
      md5: a44f32dae59c72f8bd694667c9140789
      size: 172
      isexec: true
  orb_d3_v2_StructureOptimization:
    cmd: zntrack run mlipx.nodes.structure_optimization.StructureOptimization --name
      orb_d3_v2_StructureOptimization
    deps:
    - path: nodes/initialize/LoadDataFile/node-meta.json
      hash: md5
      md5: 766849267252baed77f49c8b3ea142e1
      size: 64
      isexec: true
    params:
      params.yaml:
        orb_d3_v2_StructureOptimization:
          data_id: -1
          fmax: 0.1
          model:
            _cls: models.OrbCalc
            name: orb_d3_v2
          optimizer: LBFGS
          steps: 100000000
    outs:
    - path: nodes/orb_d3_v2/StructureOptimization/frames.traj
      hash: md5
      md5: 8902a4b2a39713719bed2860c5864ab1
      size: 22448
      isexec: true
    - path: nodes/orb_d3_v2/StructureOptimization/node-meta.json
      hash: md5
      md5: 857a902f6878ebcebb93ef7a0858ef7a
      size: 64
      isexec: true
    - path: nodes/orb_d3_v2/StructureOptimization/plots.csv
      hash: md5
      md5: 820f23d696ebac907d68a29979d27aa9
      size: 207
      isexec: true
  orb_v1_StructureOptimization:
    cmd: zntrack run mlipx.nodes.structure_optimization.StructureOptimization --name
      orb_v1_StructureOptimization
    deps:
    - path: nodes/initialize/LoadDataFile/node-meta.json
      hash: md5
      md5: 766849267252baed77f49c8b3ea142e1
      size: 64
      isexec: true
    params:
      params.yaml:
        orb_v1_StructureOptimization:
          data_id: -1
          fmax: 0.1
          model:
            _cls: models.OrbCalc
            name: orb_v1
          optimizer: LBFGS
          steps: 100000000
    outs:
    - path: nodes/orb_v1/StructureOptimization/frames.traj
      hash: md5
      md5: 98e8c92ecdc3bbf04dfb6805b5bc451a
      size: 33100
      isexec: true
    - path: nodes/orb_v1/StructureOptimization/node-meta.json
      hash: md5
      md5: 8951e73c53b599f14d38c01a4516e395
      size: 64
      isexec: true
    - path: nodes/orb_v1/StructureOptimization/plots.csv
      hash: md5
      md5: 64eab4e5acee87cc50429fb84fb6df5c
      size: 306
      isexec: true
  orb_v1_mptraj_StructureOptimization:
    cmd: zntrack run mlipx.nodes.structure_optimization.StructureOptimization --name
      orb_v1_mptraj_StructureOptimization
    deps:
    - path: nodes/initialize/LoadDataFile/node-meta.json
      hash: md5
      md5: 766849267252baed77f49c8b3ea142e1
      size: 64
      isexec: true
    params:
      params.yaml:
        orb_v1_mptraj_StructureOptimization:
          data_id: -1
          fmax: 0.1
          model:
            _cls: models.OrbCalc
            name: orb_v1_mptraj_only
          optimizer: LBFGS
          steps: 100000000
    outs:
    - path: nodes/orb_v1_mptraj/StructureOptimization/frames.traj
      hash: md5
      md5: 30596f58e0f3b6ce7d2c16df08d566dc
      size: 33091
      isexec: true
    - path: nodes/orb_v1_mptraj/StructureOptimization/node-meta.json
      hash: md5
      md5: 1c44f02f6c443a33dd035dc8b6ac6cd9
      size: 64
      isexec: true
    - path: nodes/orb_v1_mptraj/StructureOptimization/plots.csv
      hash: md5
      md5: b97a8fbd2cfcf14abd1a5dfdeb8e5b57
      size: 308
      isexec: true
  orb_v2_StructureOptimization:
    cmd: zntrack run mlipx.nodes.structure_optimization.StructureOptimization --name
      orb_v2_StructureOptimization
    deps:
    - path: nodes/initialize/LoadDataFile/node-meta.json
      hash: md5
      md5: 766849267252baed77f49c8b3ea142e1
      size: 64
      isexec: true
    params:
      params.yaml:
        orb_v2_StructureOptimization:
          data_id: -1
          fmax: 0.1
          model:
            _cls: models.OrbCalc
            name: orb_v2
          optimizer: LBFGS
          steps: 100000000
    outs:
    - path: nodes/orb_v2/StructureOptimization/frames.traj
      hash: md5
      md5: af1e98d816625691129eb0bbb96364c2
      size: 36653
    - path: nodes/orb_v2/StructureOptimization/node-meta.json
      hash: md5
      md5: b50151fe1cdd48298ca0c38f711bc547
      size: 64
    - path: nodes/orb_v2/StructureOptimization/plots.csv
      hash: md5
      md5: 3191e2d3ed2d0befae6d5008da871c07
      size: 335
  initialize_Smiles2Conformers:
    cmd: zntrack run mlipx.nodes.smiles.Smiles2Conformers --name initialize_Smiles2Conformers
    params:
      params.yaml:
        initialize_Smiles2Conformers:
          max_attempts: 1000
          num_confs: 1
          random_seed: 42
          smiles: C1=CC2=C(C=C1O)C(=CN2)CCN
    outs:
    - path: nodes/initialize/Smiles2Conformers/frames.xyz
      hash: md5
      md5: 0f763baa30d3347172feded92fbe22ef
      size: 1396
    - path: nodes/initialize/Smiles2Conformers/node-meta.json
      hash: md5
      md5: 4f5d01ead52406d6b46bfeafad6d9a4b
      size: 64
  sevennet_0_StructureOptimization:
    cmd: zntrack run mlipx.nodes.structure_optimization.StructureOptimization --name
      sevennet_0_StructureOptimization
    deps:
    - path: nodes/initialize/Rattle/frames.xyz
      hash: md5
      md5: 1f120b7abf6ab811c619815f87f6d8d5
      size: 879
    params:
      params.yaml:
        sevennet_0_StructureOptimization:
          data_id: -1
          fmax: 0.1
          model:
            _cls: mlipx.nodes.generic_ase.GenericASECalculator
            class_name: SevenNetCalculator
            device: auto
            kwargs:
              model: 7net-0
            module: sevenn.sevennet_calculator
          optimizer: LBFGS
          steps: 100000000
    outs:
    - path: nodes/sevennet/0/StructureOptimization/frames.traj
      hash: md5
      md5: 874028d029726fd4ffa25757be962458
      size: 11673
    - path: nodes/sevennet/0/StructureOptimization/node-meta.json
      hash: md5
      md5: 430d84e69b10d1523d9586cf3c3f1af5
      size: 154
    - path: nodes/sevennet/0/StructureOptimization/plots.csv
      hash: md5
      md5: 4f6e83f79bcb2c39d50eacadc8d75902
      size: 332
  initialize_Smiles2Conformers_1:
    cmd: zntrack run mlipx.nodes.smiles.Smiles2Conformers --name initialize_Smiles2Conformers_1
    params:
      params.yaml:
        initialize_Smiles2Conformers_1:
          max_attempts: 1000
          num_confs: 1
          random_seed: 42
          smiles: C1=CC2=C(C=C1O)C(=CN2)CCN
    outs:
    - path: nodes/initialize/Smiles2Conformers_1/frames.xyz
      hash: md5
      md5: 0f763baa30d3347172feded92fbe22ef
      size: 1396
    - path: nodes/initialize/Smiles2Conformers_1/node-meta.json
      hash: md5
      md5: 409e1947357de89b65a8d9b49e05292d
      size: 64
  mace_mp_1_StructureOptimization:
    cmd: zntrack run mlipx.nodes.structure_optimization.StructureOptimization --name
      mace_mp_1_StructureOptimization
    deps:
    - path: nodes/initialize/Rattle_1/frames.xyz
      hash: md5
      md5: 873b4763989a868506e5178487bcfb75
      size: 866
    params:
      params.yaml:
        mace_mp_1_StructureOptimization:
          data_id: -1
          fmax: 0.1
          model:
            _cls: mlipx.nodes.generic_ase.GenericASECalculator
            class_name: mace_mp
            device: auto
            kwargs:
              model: medium
            module: mace.calculators
          optimizer: LBFGS
          steps: 100000000
    outs:
    - path: nodes/mace_mp/1/StructureOptimization/frames.traj
      hash: md5
      md5: 6057fe160efb0e2748420334149454a7
      size: 10577
    - path: nodes/mace_mp/1/StructureOptimization/node-meta.json
      hash: md5
      md5: 2b49cc241b90e684c9704b442c770b95
      size: 64
    - path: nodes/mace_mp/1/StructureOptimization/plots.csv
      hash: md5
      md5: 249ef7081c2813494a29dad5321d500f
      size: 330
  mace_mp_0_StructureOptimization:
    cmd: zntrack run mlipx.nodes.structure_optimization.StructureOptimization --name
      mace_mp_0_StructureOptimization
    deps:
    - path: nodes/initialize/Rattle/frames.xyz
      hash: md5
      md5: 1f120b7abf6ab811c619815f87f6d8d5
      size: 879
    params:
      params.yaml:
        mace_mp_0_StructureOptimization:
          data_id: -1
          fmax: 0.1
          model:
            _cls: mlipx.nodes.generic_ase.GenericASECalculator
            class_name: mace_mp
            device: auto
            kwargs:
              model: medium
            module: mace.calculators
          optimizer: LBFGS
          steps: 100000000
    outs:
    - path: nodes/mace_mp/0/StructureOptimization/frames.traj
      hash: md5
      md5: 96d2751646afec8ab093701394295127
      size: 10698
    - path: nodes/mace_mp/0/StructureOptimization/node-meta.json
      hash: md5
      md5: 1558f6197b2ebe44c5568ac2da8fa340
      size: 153
    - path: nodes/mace_mp/0/StructureOptimization/plots.csv
      hash: md5
      md5: afae9debf39664429f7cc42f2c821d89
      size: 332
  sevennet_1_StructureOptimization:
    cmd: zntrack run mlipx.nodes.structure_optimization.StructureOptimization --name
      sevennet_1_StructureOptimization
    deps:
    - path: nodes/initialize/Rattle_1/frames.xyz
      hash: md5
      md5: 873b4763989a868506e5178487bcfb75
      size: 866
    params:
      params.yaml:
        sevennet_1_StructureOptimization:
          data_id: -1
          fmax: 0.1
          model:
            _cls: mlipx.nodes.generic_ase.GenericASECalculator
            class_name: SevenNetCalculator
            device: auto
            kwargs:
              model: 7net-0
            module: sevenn.sevennet_calculator
          optimizer: LBFGS
          steps: 100000000
    outs:
    - path: nodes/sevennet/1/StructureOptimization/frames.traj
      hash: md5
      md5: 082c9b3feac5fd42597325e670409e1e
      size: 11539
    - path: nodes/sevennet/1/StructureOptimization/node-meta.json
      hash: md5
      md5: 437c3c58de626581adcc9608c9cef5f5
      size: 64
    - path: nodes/sevennet/1/StructureOptimization/plots.csv
      hash: md5
      md5: 0acc0c1cef45c913e0175adca6038ae4
      size: 332
  orb_v2_1_StructureOptimization:
    cmd: zntrack run mlipx.nodes.structure_optimization.StructureOptimization --name
      orb_v2_1_StructureOptimization
    deps:
    - path: nodes/initialize/Rattle_1/frames.xyz
      hash: md5
      md5: 873b4763989a868506e5178487bcfb75
      size: 866
    params:
      params.yaml:
        orb_v2_1_StructureOptimization:
          data_id: -1
          fmax: 0.1
          model:
            _cls: models.OrbCalc
            device: auto
            name: orb_v2
          optimizer: LBFGS
          steps: 100000000
    outs:
    - path: nodes/orb_v2/1/StructureOptimization/frames.traj
      hash: md5
      md5: 1ab42afa8b1b9afb6bfa2a12148e9f06
      size: 9601
    - path: nodes/orb_v2/1/StructureOptimization/node-meta.json
      hash: md5
      md5: a3c1270f1fb526ea8bb97234c30ad11f
      size: 64
    - path: nodes/orb_v2/1/StructureOptimization/plots.csv
      hash: md5
      md5: 053c1a8c93c5ea51740915d3dc56710c
      size: 300
  orb_v2_0_StructureOptimization:
    cmd: zntrack run mlipx.nodes.structure_optimization.StructureOptimization --name
      orb_v2_0_StructureOptimization
    deps:
    - path: nodes/initialize/Rattle/frames.xyz
      hash: md5
      md5: 1f120b7abf6ab811c619815f87f6d8d5
      size: 879
    params:
      params.yaml:
        orb_v2_0_StructureOptimization:
          data_id: -1
          fmax: 0.1
          model:
            _cls: models.OrbCalc
            device: auto
            name: orb_v2
          optimizer: LBFGS
          steps: 100000000
    outs:
    - path: nodes/orb_v2/0/StructureOptimization/frames.traj
      hash: md5
      md5: bc3a53a1be1f45b8510a9769bae3e227
      size: 9724
    - path: nodes/orb_v2/0/StructureOptimization/node-meta.json
      hash: md5
      md5: 7277552abafb0755e9f88e4820f6ce76
      size: 154
    - path: nodes/orb_v2/0/StructureOptimization/plots.csv
      hash: md5
      md5: be9abe5fa94e4a6979cf52e488f395a8
      size: 300
  initialize_MPRester:
    cmd: zntrack run mlipx.nodes.mp_api.MPRester --name initialize_MPRester
    params:
      params.yaml:
        initialize_MPRester:
          search_kwargs:
            material_ids:
            - mp-1143
    outs:
    - path: nodes/initialize/MPRester/frames.xyz
      hash: md5
      md5: 1dff3683312a393372916dab5153c30e
      size: 879
    - path: nodes/initialize/MPRester/node-meta.json
      hash: md5
      md5: 6d985a28af592981bcdafc5479ce5917
      size: 154
  chgnet_0_StructureOptimization:
    cmd: zntrack run mlipx.nodes.structure_optimization.StructureOptimization --name
      chgnet_0_StructureOptimization
    deps:
    - path: nodes/initialize/Rattle/frames.xyz
      hash: md5
      md5: 1f120b7abf6ab811c619815f87f6d8d5
      size: 879
    params:
      params.yaml:
        chgnet_0_StructureOptimization:
          data_id: -1
          fmax: 0.1
          model:
            _cls: mlipx.nodes.generic_ase.GenericASECalculator
            class_name: CHGNetCalculator
            device:
            kwargs:
            module: chgnet.model
          optimizer: LBFGS
          steps: 100000000
    outs:
    - path: nodes/chgnet/0/StructureOptimization/frames.traj
      hash: md5
      md5: 9e1f70bcebc9ca88673cfe38cb69067c
      size: 12027
    - path: nodes/chgnet/0/StructureOptimization/node-meta.json
      hash: md5
      md5: 51f888badb2bf2a8cd5ceffaa5a77343
      size: 152
    - path: nodes/chgnet/0/StructureOptimization/plots.csv
      hash: md5
      md5: 61c20dfe898c3bf61ab552bef782fbf1
      size: 333
  initialize_Rattle:
    cmd: zntrack run mlipx.nodes.rattle.Rattle --name initialize_Rattle
    deps:
    - path: nodes/initialize/MPRester/frames.xyz
      hash: md5
      md5: 1dff3683312a393372916dab5153c30e
      size: 879
    params:
      params.yaml:
        initialize_Rattle:
          seed: 42
          stdev: 0.1
    outs:
    - path: nodes/initialize/Rattle/frames.xyz
      hash: md5
      md5: 1f120b7abf6ab811c619815f87f6d8d5
      size: 879
    - path: nodes/initialize/Rattle/node-meta.json
      hash: md5
      md5: c8c4ce44ac0166e9cbb4d130825deb0e
      size: 154
  initialize_MPRester_1:
    cmd: zntrack run mlipx.nodes.mp_api.MPRester --name initialize_MPRester_1
    params:
      params.yaml:
        initialize_MPRester_1:
          search_kwargs:
            material_ids:
            - mp-1143
    outs:
    - path: nodes/initialize/MPRester_1/frames.xyz
      hash: md5
      md5: b2aa0fb43e0b26ef88bedc082a0a2325
      size: 866
    - path: nodes/initialize/MPRester_1/node-meta.json
      hash: md5
      md5: ae74512417ac92e8d47b7af82f6a438c
      size: 64
  initialize_Rattle_1:
    cmd: zntrack run mlipx.nodes.rattle.Rattle --name initialize_Rattle_1
    deps:
    - path: nodes/initialize/MPRester_1/frames.xyz
      hash: md5
      md5: b2aa0fb43e0b26ef88bedc082a0a2325
      size: 866
    params:
      params.yaml:
        initialize_Rattle_1:
          seed: 42
          stdev: 0.1
    outs:
    - path: nodes/initialize/Rattle_1/frames.xyz
      hash: md5
      md5: 873b4763989a868506e5178487bcfb75
      size: 866
    - path: nodes/initialize/Rattle_1/node-meta.json
      hash: md5
      md5: 3dd6705cddabcdec62ef9c9b425558d3
      size: 64
  chgnet_1_StructureOptimization:
    cmd: zntrack run mlipx.nodes.structure_optimization.StructureOptimization --name
      chgnet_1_StructureOptimization
    deps:
    - path: nodes/initialize/Rattle_1/frames.xyz
      hash: md5
      md5: 873b4763989a868506e5178487bcfb75
      size: 866
    params:
      params.yaml:
        chgnet_1_StructureOptimization:
          data_id: -1
          fmax: 0.1
          model:
            _cls: mlipx.nodes.generic_ase.GenericASECalculator
            class_name: CHGNetCalculator
            device:
            kwargs:
            module: chgnet.model
          optimizer: LBFGS
          steps: 100000000
    outs:
    - path: nodes/chgnet/1/StructureOptimization/frames.traj
      hash: md5
      md5: cb0211830ec330b48643f5ecd62d6c7b
      size: 11911
    - path: nodes/chgnet/1/StructureOptimization/node-meta.json
      hash: md5
      md5: c296a466a0c5745a7f724198b8f421e0
      size: 64
    - path: nodes/chgnet/1/StructureOptimization/plots.csv
      hash: md5
      md5: 976e34601d5dc7794c6ba62f59a7df1a
      size: 332
  mattersim_0_StructureOptimization:
    cmd: zntrack run mlipx.nodes.structure_optimization.StructureOptimization --name
      mattersim_0_StructureOptimization
    deps:
    - path: nodes/initialize/Rattle/frames.xyz
      hash: md5
      md5: 1f120b7abf6ab811c619815f87f6d8d5
      size: 879
    params:
      params.yaml:
        mattersim_0_StructureOptimization:
          data_id: -1
          fmax: 0.1
          model:
            _cls: mlipx.nodes.generic_ase.GenericASECalculator
            class_name: MatterSimCalculator
            device: auto
            kwargs:
            module: mattersim.forcefield
          optimizer: LBFGS
          steps: 100000000
    outs:
    - path: nodes/mattersim/0/StructureOptimization/frames.traj
      hash: md5
      md5: 6a1d5f2c81892e4ac5bbba9a5c0bd312
      size: 9741
    - path: nodes/mattersim/0/StructureOptimization/node-meta.json
      hash: md5
      md5: d3835ecef7bf056fb142e0e5d2878f53
      size: 154
    - path: nodes/mattersim/0/StructureOptimization/plots.csv
      hash: md5
      md5: 2bbc8ed4eef0275f20400b4da806fdf7
      size: 220
  GRACE-2L-OMAT_0_StructureOptimization:
    cmd: zntrack run mlipx.nodes.structure_optimization.StructureOptimization --name
      GRACE-2L-OMAT_0_StructureOptimization
    deps:
    - path: nodes/initialize/Rattle/frames.xyz
      hash: md5
      md5: 1f120b7abf6ab811c619815f87f6d8d5
      size: 879
    params:
      params.yaml:
        GRACE-2L-OMAT_0_StructureOptimization:
          data_id: -1
          fmax: 0.1
          model:
            _cls: mlipx.nodes.generic_ase.GenericASECalculator
            class_name: TPCalculator
            device:
            kwargs:
              model: ../../models/GRACE-2L-OMAT
            module: tensorpotential.calculator
          optimizer: LBFGS
          steps: 100000000
    outs:
    - path: nodes/GRACE-2L-OMAT/0/StructureOptimization/frames.traj
      hash: md5
      md5: 79bb067e8b2b343e6b3d5a71a7a3058e
      size: 10775
    - path: nodes/GRACE-2L-OMAT/0/StructureOptimization/node-meta.json
      hash: md5
      md5: 09c8a0f8cc11944606ee1490f73a919c
      size: 153
    - path: nodes/GRACE-2L-OMAT/0/StructureOptimization/plots.csv
      hash: md5
      md5: c3cd530acf43bf52c0b4f1261759d004
      size: 379
  orb-v2_0_StructureOptimization:
    cmd: zntrack run mlipx.nodes.structure_optimization.StructureOptimization --name
      orb-v2_0_StructureOptimization
    deps:
    - path: nodes/initialize/Rattle/frames.xyz
      hash: md5
      md5: 1f120b7abf6ab811c619815f87f6d8d5
      size: 879
    params:
      params.yaml:
        orb-v2_0_StructureOptimization:
          data_id: -1
          fmax: 0.1
          model:
            _cls: models.OrbCalc
            device: auto
            kwargs: {}
            name: orb_v2
          optimizer: LBFGS
          steps: 100000000
    outs:
    - path: nodes/orb-v2/0/StructureOptimization/frames.traj
      hash: md5
      md5: 70692b04cf5162a1a999e2dda542cc63
      size: 9715
    - path: nodes/orb-v2/0/StructureOptimization/node-meta.json
      hash: md5
      md5: 1ea976f86fddbfcf4ed320014aa3b3f5
      size: 155
    - path: nodes/orb-v2/0/StructureOptimization/plots.csv
      hash: md5
      md5: aa2bf93a27c3d03a1b00843bf2dea046
      size: 296
  orb-v3_0_StructureOptimization:
    cmd: zntrack run mlipx.nodes.structure_optimization.StructureOptimization --name
      orb-v3_0_StructureOptimization
    deps:
    - path: nodes/initialize/Rattle/frames.xyz
      hash: md5
      md5: 1f120b7abf6ab811c619815f87f6d8d5
      size: 879
    params:
      params.yaml:
        orb-v3_0_StructureOptimization:
          data_id: -1
          fmax: 0.1
          model:
            _cls: models.OrbCalc
            device: auto
            kwargs: {}
            name: orb_v3_conservative_inf_omat
          optimizer: LBFGS
          steps: 100000000
    outs:
    - path: nodes/orb-v3/0/StructureOptimization/frames.traj
      hash: md5
      md5: adfa37f0bd2c7743e3c6efc4624b0156
      size: 9693
    - path: nodes/orb-v3/0/StructureOptimization/node-meta.json
      hash: md5
      md5: 46c92847fd4d594db4798df415b1c171
      size: 154
    - path: nodes/orb-v3/0/StructureOptimization/plots.csv
      hash: md5
      md5: 4061714a3c5aee608b60c1ec545bf0bb
      size: 296
  7net-mf-ompa-mpa_0_StructureOptimization:
    cmd: zntrack run mlipx.nodes.structure_optimization.StructureOptimization --name
      7net-mf-ompa-mpa_0_StructureOptimization
    deps:
    - path: nodes/initialize/Rattle/frames.xyz
      hash: md5
      md5: 1f120b7abf6ab811c619815f87f6d8d5
      size: 879
    params:
      params.yaml:
        7net-mf-ompa-mpa_0_StructureOptimization:
          data_id: -1
          fmax: 0.1
          model:
            _cls: mlipx.nodes.generic_ase.GenericASECalculator
            class_name: SevenNetCalculator
            device: auto
            kwargs:
              modal: mpa
              model: 7net-mf-ompa
            module: sevenn.sevennet_calculator
          optimizer: LBFGS
          steps: 100000000
    outs:
    - path: nodes/7net-mf-ompa-mpa/0/StructureOptimization/frames.traj
      hash: md5
      md5: 5acf4e6e876e4fed0b2f809659676e9e
      size: 10544
    - path: nodes/7net-mf-ompa-mpa/0/StructureOptimization/node-meta.json
      hash: md5
      md5: 17079a413e865107ae41f9317ddf0ca1
      size: 154
    - path: nodes/7net-mf-ompa-mpa/0/StructureOptimization/plots.csv
      hash: md5
      md5: 6a45e3f636fb1e127f3e6c897f2f5bd3
      size: 297
  7net-0_0_StructureOptimization:
    cmd: zntrack run mlipx.nodes.structure_optimization.StructureOptimization --name
      7net-0_0_StructureOptimization
    deps:
    - path: nodes/initialize/Rattle/frames.xyz
      hash: md5
      md5: 1f120b7abf6ab811c619815f87f6d8d5
      size: 879
    params:
      params.yaml:
        7net-0_0_StructureOptimization:
          data_id: -1
          fmax: 0.1
          model:
            _cls: mlipx.nodes.generic_ase.GenericASECalculator
            class_name: SevenNetCalculator
            device: auto
            kwargs:
              model: 7net-0
            module: sevenn.sevennet_calculator
          optimizer: LBFGS
          steps: 100000000
    outs:
    - path: nodes/7net-0/0/StructureOptimization/frames.traj
      hash: md5
      md5: fb7a445bd85092b6350688aec9fff67f
      size: 11680
    - path: nodes/7net-0/0/StructureOptimization/node-meta.json
      hash: md5
      md5: 4484a21771c4f9a4053929f590f1c3f4
      size: 154
    - path: nodes/7net-0/0/StructureOptimization/plots.csv
      hash: md5
      md5: f436da2cc3fa76d6c2ae9d3d5629668c
      size: 329
  MACE-MPA-0_0_StructureOptimization:
    cmd: zntrack run mlipx.nodes.structure_optimization.StructureOptimization --name
      MACE-MPA-0_0_StructureOptimization
    deps:
    - path: nodes/initialize/Rattle/frames.xyz
      hash: md5
      md5: 1f120b7abf6ab811c619815f87f6d8d5
      size: 879
    params:
      params.yaml:
        MACE-MPA-0_0_StructureOptimization:
          data_id: -1
          fmax: 0.1
          model:
            _cls: mlipx.nodes.generic_ase.GenericASECalculator
            class_name: mace_mp
            device: auto
            kwargs:
              model: ../../models/mace-mpa-0-medium.model
            module: mace.calculators
          optimizer: LBFGS
          steps: 100000000
    outs:
    - path: nodes/MACE-MPA-0/0/StructureOptimization/frames.traj
      hash: md5
      md5: 8006bb71887dce6bddb9a557d2072d3b
      size: 9696
    - path: nodes/MACE-MPA-0/0/StructureOptimization/node-meta.json
      hash: md5
      md5: e21be67757d4e0fcd099bb469f26644a
      size: 154
    - path: nodes/MACE-MPA-0/0/StructureOptimization/plots.csv
      hash: md5
      md5: add4c51e7586962801fb7a378a51bbdd
      size: 296
  grace-2l-omat_0_StructureOptimization:
    cmd: zntrack run mlipx.nodes.structure_optimization.StructureOptimization --name
      grace-2l-omat_0_StructureOptimization
    deps:
    - path: nodes/initialize/Rattle/frames.xyz
      hash: md5
      md5: 1f120b7abf6ab811c619815f87f6d8d5
      size: 879
    params:
      params.yaml:
        grace-2l-omat_0_StructureOptimization:
          data_id: -1
          fmax: 0.1
          model:
            _cls: mlipx.nodes.generic_ase.GenericASECalculator
            class_name: TPCalculator
            device:
            kwargs:
              model: ../../models/GRACE-2L-OMAT
            module: tensorpotential.calculator
          optimizer: LBFGS
          steps: 100000000
    outs:
    - path: nodes/grace-2l-omat/0/StructureOptimization/frames.traj
      hash: md5
      md5: 79bb067e8b2b343e6b3d5a71a7a3058e
      size: 10775
    - path: nodes/grace-2l-omat/0/StructureOptimization/node-meta.json
      hash: md5
      md5: 09c8a0f8cc11944606ee1490f73a919c
      size: 153
    - path: nodes/grace-2l-omat/0/StructureOptimization/plots.csv
      hash: md5
      md5: c3cd530acf43bf52c0b4f1261759d004
      size: 379
  mace-mpa-0_0_StructureOptimization:
    cmd: zntrack run mlipx.nodes.structure_optimization.StructureOptimization --name
      mace-mpa-0_0_StructureOptimization
    deps:
    - path: nodes/initialize/Rattle/frames.xyz
      hash: md5
      md5: 1f120b7abf6ab811c619815f87f6d8d5
      size: 879
    params:
      params.yaml:
        mace-mpa-0_0_StructureOptimization:
          data_id: -1
          fmax: 0.1
          model:
            _cls: mlipx.nodes.generic_ase.GenericASECalculator
            class_name: mace_mp
            device: auto
            kwargs:
              model: ../../models/mace-mpa-0-medium.model
            module: mace.calculators
          optimizer: LBFGS
          steps: 100000000
    outs:
    - path: nodes/mace-mpa-0/0/StructureOptimization/frames.traj
      hash: md5
      md5: 8006bb71887dce6bddb9a557d2072d3b
      size: 9696
    - path: nodes/mace-mpa-0/0/StructureOptimization/node-meta.json
      hash: md5
      md5: e21be67757d4e0fcd099bb469f26644a
      size: 154
    - path: nodes/mace-mpa-0/0/StructureOptimization/plots.csv
      hash: md5
      md5: add4c51e7586962801fb7a378a51bbdd
      size: 296
  matpes-pbe_0_StructureOptimization:
    cmd: zntrack run mlipx.nodes.structure_optimization.StructureOptimization --name
      matpes-pbe_0_StructureOptimization
    deps:
    - path: nodes/initialize/Rattle/frames.xyz
      hash: md5
      md5: 1f120b7abf6ab811c619815f87f6d8d5
      size: 879
    params:
      params.yaml:
        matpes-pbe_0_StructureOptimization:
          data_id: -1
          fmax: 0.1
          model:
            _cls: models.MatglModel
            path: ../../models/TensorNet-MatPES-PBE-v2025.1-PES
          optimizer: LBFGS
          steps: 100000000
    outs:
    - path: nodes/matpes-pbe/0/StructureOptimization/frames.traj
      hash: md5
      md5: 3db566af51a18de87acae7e40dd6bc6d
      size: 11231
    - path: nodes/matpes-pbe/0/StructureOptimization/node-meta.json
      hash: md5
      md5: 2f26252c858c5124a7268301ad043475
      size: 154
    - path: nodes/matpes-pbe/0/StructureOptimization/plots.csv
      hash: md5
      md5: 90a91f05a2ff146c41ea9f5b9cf8d833
      size: 329
  meta-uma-sm_0_StructureOptimization:
    cmd: zntrack run mlipx.nodes.structure_optimization.StructureOptimization --name
      meta-uma-sm_0_StructureOptimization
    deps:
    - path: nodes/initialize/Rattle/frames.xyz
      hash: md5
      md5: 1f120b7abf6ab811c619815f87f6d8d5
      size: 879
    params:
      params.yaml:
        meta-uma-sm_0_StructureOptimization:
          data_id: -1
          fmax: 0.1
          model:
            _cls: models.FairchemModel
            device: auto
            path: ../../models/meta-uam.pt
            task_name: oc20
          optimizer: LBFGS
          steps: 100000000
    outs:
    - path: nodes/meta-uma-sm/0/StructureOptimization/frames.traj
      hash: md5
      md5: f082d483242a581d12e95b47ce0b8c92
      size: 10019
    - path: nodes/meta-uma-sm/0/StructureOptimization/node-meta.json
      hash: md5
      md5: 5c9664ad151cc4a5eda6df5026d6a2a9
      size: 154
    - path: nodes/meta-uma-sm/0/StructureOptimization/plots.csv
      hash: md5
      md5: 11765a9fd4d5e04d04bc762de247f833
      size: 297
  mace-matpes-pbe-0_0_StructureOptimization:
    cmd: zntrack run mlipx.nodes.structure_optimization.StructureOptimization --name
      mace-matpes-pbe-0_0_StructureOptimization
    deps:
    - path: nodes/initialize/Rattle/frames.xyz
      hash: md5
      md5: 1f120b7abf6ab811c619815f87f6d8d5
      size: 879
    params:
      params.yaml:
        mace-matpes-pbe-0_0_StructureOptimization:
          data_id: -1
          fmax: 0.1
          model:
            _cls: mlipx.nodes.generic_ase.GenericASECalculator
            class_name: mace_mp
            device: auto
            kwargs:
              model: ../../models/mace-matpes-pbe-omat-ft.model
            module: mace.calculators
          optimizer: LBFGS
          steps: 100000000
    outs:
    - path: nodes/mace-matpes-pbe-0/0/StructureOptimization/frames.traj
      hash: md5
      md5: 6cb733a2a27891b7b757cb45764a8332
      size: 10678
    - path: nodes/mace-matpes-pbe-0/0/StructureOptimization/node-meta.json
      hash: md5
      md5: 915b222ab326ffad71b2dc1554bb5d99
      size: 156
    - path: nodes/mace-matpes-pbe-0/0/StructureOptimization/plots.csv
      hash: md5
      md5: f7413b3e8415e5b5f8e3a801850296de
      size: 329
  pet-mad_0_StructureOptimization:
    cmd: zntrack run mlipx.nodes.structure_optimization.StructureOptimization --name
      pet-mad_0_StructureOptimization
    deps:
    - path: nodes/initialize/Rattle/frames.xyz
      hash: md5
      md5: 1f120b7abf6ab811c619815f87f6d8d5
      size: 879
    params:
      params.yaml:
        pet-mad_0_StructureOptimization:
          data_id: -1
          fmax: 0.1
          model:
            _cls: mlipx.nodes.generic_ase.GenericASECalculator
            class_name: PETMADCalculator
            device:
            kwargs:
              checkpoint_path: ../../models/pet-mad-latest.ckpt
            module: pet_mad.calculator
          optimizer: LBFGS
          steps: 100000000
    outs:
    - path: nodes/pet-mad/0/StructureOptimization/frames.traj
      hash: md5
      md5: 647ce2d7d4ce2726a5dd1fea37a18836
      size: 12629
    - path: nodes/pet-mad/0/StructureOptimization/node-meta.json
      hash: md5
      md5: 7325cb171c356936774bfaf6c1510e44
      size: 153
    - path: nodes/pet-mad/0/StructureOptimization/plots.csv
      hash: md5
      md5: 3c2323ddcbfaba7c6c5beb15779813a5
      size: 417
