schema: '2.0'
stages:
  initialize_MPRester:
    cmd: zntrack run mlipx.nodes.mp_api.MPRester --name initialize_MPRester
    params:
      params.yaml:
        initialize_MPRester:
          search_kwargs:
            material_ids:
            - mp-1143
    outs:
    - path: nodes/initialize/MPRester/frames.xyz
      hash: md5
      md5: 1dff3683312a393372916dab5153c30e
      size: 879
    - path: nodes/initialize/MPRester/node-meta.json
      hash: md5
      md5: 536dd8e6718bca9a0d32be17b8ed09c1
      size: 153
  sevennet_0_EnergyVolumeCurve:
    cmd: zntrack run mlipx.nodes.energy_volume.EnergyVolumeCurve --name sevennet_0_EnergyVolumeCurve
    deps:
    - path: nodes/initialize/MPRester/frames.xyz
      hash: md5
      md5: 1dff3683312a393372916dab5153c30e
      size: 879
    params:
      params.yaml:
        sevennet_0_EnergyVolumeCurve:
          data_id: -1
          model:
            _cls: mlipx.nodes.generic_ase.GenericASECalculator
            class_name: SevenNetCalculator
            device: auto
            kwargs:
              model: 7net-0
            module: sevenn.sevennet_calculator
          n_points: 50
          start: 0.8
          stop: 2.0
    outs:
    - path: nodes/sevennet/0/EnergyVolumeCurve/frames.xyz
      hash: md5
      md5: 32fa7091c367c055f7b44ef1bd604eb6
      size: 96128
    - path: nodes/sevennet/0/EnergyVolumeCurve/node-meta.json
      hash: md5
      md5: c01867314dcd2e61970fd394283647eb
      size: 154
    - path: nodes/sevennet/0/EnergyVolumeCurve/results.csv
      hash: md5
      md5: 40cb6500adb05ee449c984eec52dad94
      size: 3499
  orb_v2_0_EnergyVolumeCurve:
    cmd: zntrack run mlipx.nodes.energy_volume.EnergyVolumeCurve --name orb_v2_0_EnergyVolumeCurve
    deps:
    - path: nodes/initialize/MPRester/frames.xyz
      hash: md5
      md5: 1dff3683312a393372916dab5153c30e
      size: 879
    params:
      params.yaml:
        orb_v2_0_EnergyVolumeCurve:
          data_id: -1
          model:
            _cls: models.OrbCalc
            device: auto
            name: orb_v2
          n_points: 50
          start: 0.8
          stop: 2.0
    outs:
    - path: nodes/orb_v2/0/EnergyVolumeCurve/frames.xyz
      hash: md5
      md5: 6d8f8260c4971d73f2affd52c0fcd1e7
      size: 87253
    - path: nodes/orb_v2/0/EnergyVolumeCurve/node-meta.json
      hash: md5
      md5: 5c6fec5e228f5e8780764893781fee0b
      size: 155
    - path: nodes/orb_v2/0/EnergyVolumeCurve/results.csv
      hash: md5
      md5: 66ab570cfbbb1e5b0dda94f64657284e
      size: 3527
  chgnet_0_EnergyVolumeCurve:
    cmd: zntrack run mlipx.nodes.energy_volume.EnergyVolumeCurve --name chgnet_0_EnergyVolumeCurve
    deps:
    - path: nodes/initialize/MPRester/frames.xyz
      hash: md5
      md5: 1dff3683312a393372916dab5153c30e
      size: 879
    params:
      params.yaml:
        chgnet_0_EnergyVolumeCurve:
          data_id: -1
          model:
            _cls: mlipx.nodes.generic_ase.GenericASECalculator
            class_name: CHGNetCalculator
            device:
            kwargs:
            module: chgnet.model
          n_points: 50
          start: 0.8
          stop: 2.0
    outs:
    - path: nodes/chgnet/0/EnergyVolumeCurve/frames.xyz
      hash: md5
      md5: ffb7c57f3c650b2ebc9f5a5ddf02cdf0
      size: 96079
    - path: nodes/chgnet/0/EnergyVolumeCurve/node-meta.json
      hash: md5
      md5: f8045f3d7f8ba393b9418818629f075b
      size: 154
    - path: nodes/chgnet/0/EnergyVolumeCurve/results.csv
      hash: md5
      md5: 0ec53281aa9bdbfc24e3847c5d1d0a8e
      size: 3506
  mace_mp_0_EnergyVolumeCurve:
    cmd: zntrack run mlipx.nodes.energy_volume.EnergyVolumeCurve --name mace_mp_0_EnergyVolumeCurve
    deps:
    - path: nodes/initialize/MPRester/frames.xyz
      hash: md5
      md5: 1dff3683312a393372916dab5153c30e
      size: 879
    params:
      params.yaml:
        mace_mp_0_EnergyVolumeCurve:
          data_id: -1
          model:
            _cls: mlipx.nodes.generic_ase.GenericASECalculator
            class_name: mace_mp
            device: auto
            kwargs:
              model: medium
            module: mace.calculators
          n_points: 50
          start: 0.8
          stop: 2.0
    outs:
    - path: nodes/mace_mp/0/EnergyVolumeCurve/frames.xyz
      hash: md5
      md5: 24f112d759b18e11b0ab4b1fbd8278dc
      size: 87006
    - path: nodes/mace_mp/0/EnergyVolumeCurve/node-meta.json
      hash: md5
      md5: bcdfeda708a3a1ea19668a9804124813
      size: 155
    - path: nodes/mace_mp/0/EnergyVolumeCurve/results.csv
      hash: md5
      md5: d058c7b0cd58c569954ffeb6be6352b5
      size: 3497
  mattersim_0_EnergyVolumeCurve:
    cmd: zntrack run mlipx.nodes.energy_volume.EnergyVolumeCurve --name mattersim_0_EnergyVolumeCurve
    deps:
    - path: nodes/initialize/MPRester/frames.xyz
      hash: md5
      md5: 1dff3683312a393372916dab5153c30e
      size: 879
    params:
      params.yaml:
        mattersim_0_EnergyVolumeCurve:
          data_id: -1
          model:
            _cls: mlipx.nodes.generic_ase.GenericASECalculator
            class_name: MatterSimCalculator
            device: auto
            kwargs:
            module: mattersim.forcefield
          n_points: 50
          start: 0.8
          stop: 2.0
    outs:
    - path: nodes/mattersim/0/EnergyVolumeCurve/frames.xyz
      hash: md5
      md5: 9362eebcec53ac4db500276508dc6beb
      size: 86960
    - path: nodes/mattersim/0/EnergyVolumeCurve/node-meta.json
      hash: md5
      md5: 5ee4de23c99e3f4e48af6388cb0f6c91
      size: 155
    - path: nodes/mattersim/0/EnergyVolumeCurve/results.csv
      hash: md5
      md5: 6f321306723e64768132e90ef8959bd4
      size: 3067
